
Microsoft Visual Studio Solution File, Format Version 12.00
# Visual Studio Version 17
VisualStudioVersion = 17.4.33205.214
MinimumVisualStudioVersion = 10.0.40219.1
Project("{9A19103F-16F7-4668-BE54-9A1E7A4F7556}") = "EbookStore.Data", "EbookStore.Data\EbookStore.Data.csproj", "{B345FB3A-E27E-428C-95DF-B624AF8E462C}"
EndProject
Project("{9A19103F-16F7-4668-BE54-9A1E7A4F7556}") = "EbookStore.Contract", "EbookStore.Contract\EbookStore.Contract.csproj", "{326F6045-49D6-41CB-9FFA-3F2E26A105DF}"
EndProject
Project("{9A19103F-16F7-4668-BE54-9A1E7A4F7556}") = "EbookStore.Application", "EbookStore.Application\EbookStore.Application.csproj", "{7D288695-D63E-4464-BCF2-B93EB510C8B9}"
EndProject
Project("{9A19103F-16F7-4668-BE54-9A1E7A4F7556}") = "EbookStore.Presentation", "EbookStore.Presentation\EbookStore.Presentation.csproj", "{84A2D738-56BA-405C-9345-A618550F824A}"
EndProject
Project("{9A19103F-16F7-4668-BE54-9A1E7A4F7556}") = "EbookStore.Domain", "EbookStore.Domain\EbookStore.Domain.csproj", "{3CD12C44-E077-4135-AEB5-BF304B1EF076}"
EndProject
Project("{9A19103F-16F7-4668-BE54-9A1E7A4F7556}") = "EbookStore.Client", "EbookStore.Client\EbookStore.Client.csproj", "{743D2B35-F9F3-4470-9D54-878854AA1966}"
EndProject
Project("{FAE04EC0-301F-11D3-BF4B-00C04F79EFBC}") = "test", "test\test.csproj", "{8C0FE33D-BE3F-4517-A984-202158825E78}"
EndProject
Global
	GlobalSection(SolutionConfigurationPlatforms) = preSolution
		Debug|Any CPU = Debug|Any CPU
		Release|Any CPU = Release|Any CPU
	EndGlobalSection
	GlobalSection(ProjectConfigurationPlatforms) = postSolution
		{B345FB3A-E27E-428C-95DF-B624AF8E462C}.Debug|Any CPU.ActiveCfg = Debug|Any CPU
		{B345FB3A-E27E-428C-95DF-B624AF8E462C}.Debug|Any CPU.Build.0 = Debug|Any CPU
		{B345FB3A-E27E-428C-95DF-B624AF8E462C}.Release|Any CPU.ActiveCfg = Release|Any CPU
		{B345FB3A-E27E-428C-95DF-B624AF8E462C}.Release|Any CPU.Build.0 = Release|Any CPU
		{326F6045-49D6-41CB-9FFA-3F2E26A105DF}.Debug|Any CPU.ActiveCfg = Debug|Any CPU
		{326F6045-49D6-41CB-9FFA-3F2E26A105DF}.Debug|Any CPU.Build.0 = Debug|Any CPU
		{326F6045-49D6-41CB-9FFA-3F2E26A105DF}.Release|Any CPU.ActiveCfg = Release|Any CPU
		{326F6045-49D6-41CB-9FFA-3F2E26A105DF}.Release|Any CPU.Build.0 = Release|Any CPU
		{7D288695-D63E-4464-BCF2-B93EB510C8B9}.Debug|Any CPU.ActiveCfg = Debug|Any CPU
		{7D288695-D63E-4464-BCF2-B93EB510C8B9}.Debug|Any CPU.Build.0 = Debug|Any CPU
		{7D288695-D63E-4464-BCF2-B93EB510C8B9}.Release|Any CPU.ActiveCfg = Release|Any CPU
		{7D288695-D63E-4464-BCF2-B93EB510C8B9}.Release|Any CPU.Build.0 = Release|Any CPU
		{84A2D738-56BA-405C-9345-A618550F824A}.Debug|Any CPU.ActiveCfg = Debug|Any CPU
		{84A2D738-56BA-405C-9345-A618550F824A}.Debug|Any CPU.Build.0 = Debug|Any CPU
		{84A2D738-56BA-405C-9345-A618550F824A}.Release|Any CPU.ActiveCfg = Release|Any CPU
		{84A2D738-56BA-405C-9345-A618550F824A}.Release|Any CPU.Build.0 = Release|Any CPU
		{3CD12C44-E077-4135-AEB5-BF304B1EF076}.Debug|Any CPU.ActiveCfg = Debug|Any CPU
		{3CD12C44-E077-4135-AEB5-BF304B1EF076}.Debug|Any CPU.Build.0 = Debug|Any CPU
		{3CD12C44-E077-4135-AEB5-BF304B1EF076}.Release|Any CPU.ActiveCfg = Release|Any CPU
		{3CD12C44-E077-4135-AEB5-BF304B1EF076}.Release|Any CPU.Build.0 = Release|Any CPU
		{743D2B35-F9F3-4470-9D54-878854AA1966}.Debug|Any CPU.ActiveCfg = Debug|Any CPU
		{743D2B35-F9F3-4470-9D54-878854AA1966}.Debug|Any CPU.Build.0 = Debug|Any CPU
		{743D2B35-F9F3-4470-9D54-878854AA1966}.Release|Any CPU.ActiveCfg = Release|Any CPU
		{743D2B35-F9F3-4470-9D54-878854AA1966}.Release|Any CPU.Build.0 = Release|Any CPU
		{8C0FE33D-BE3F-4517-A984-202158825E78}.Debug|Any CPU.ActiveCfg = Debug|Any CPU
		{8C0FE33D-BE3F-4517-A984-202158825E78}.Debug|Any CPU.Build.0 = Debug|Any CPU
		{8C0FE33D-BE3F-4517-A984-202158825E78}.Release|Any CPU.ActiveCfg = Release|Any CPU
		{8C0FE33D-BE3F-4517-A984-202158825E78}.Release|Any CPU.Build.0 = Release|Any CPU
	EndGlobalSection
	GlobalSection(SolutionProperties) = preSolution
		HideSolutionNode = FALSE
	EndGlobalSection
	GlobalSection(ExtensibilityGlobals) = postSolution
		SolutionGuid = {CE4520E1-0684-47D8-B0C4-37D2954100CE}
	EndGlobalSection
EndGlobal
